
Microsoft Visual Studio Solution File, Format Version 12.00
# Visual Studio Version 17
VisualStudioVersion = 17.11.35327.3
MinimumVisualStudioVersion = 10.0.40219.1
Project("{FAE04EC0-301F-11D3-BF4B-00C04F79EFBC}") = "RSVP", "RSVP\RSVP.csproj", "{E5F3F913-71BD-4596-8783-58A29F3FB6DB}"
EndProject
Global
	GlobalSection(SolutionConfigurationPlatforms) = preSolution
		Debug|Any CPU = Debug|Any CPU
		Release|Any CPU = Release|Any CPU
	EndGlobalSection
	GlobalSection(ProjectConfigurationPlatforms) = postSolution
		{E5F3F913-71BD-4596-8783-58A29F3FB6DB}.Debug|Any CPU.ActiveCfg = Debug|Any CPU
		{E5F3F913-71BD-4596-8783-58A29F3FB6DB}.Debug|Any CPU.Build.0 = Debug|Any CPU
		{E5F3F913-71BD-4596-8783-58A29F3FB6DB}.Release|Any CPU.ActiveCfg = Release|Any CPU
		{E5F3F913-71BD-4596-8783-58A29F3FB6DB}.Release|Any CPU.Build.0 = Release|Any CPU
	EndGlobalSection
	GlobalSection(SolutionProperties) = preSolution
		HideSolutionNode = FALSE
	EndGlobalSection
	GlobalSection(ExtensibilityGlobals) = postSolution
		SolutionGuid = {1830D8AC-AF85-4951-B521-51CEA7D2C1BE}
	EndGlobalSection
EndGlobal
